{
  "name": "threejs",
  "version": "1.0.0",
  "lockfileVersion": 1,
  "requires": true,
  "dependencies": {
    "dat.gui": {
      "version": "0.7.5",
      "resolved": "https://registry.npmjs.org/dat.gui/-/dat.gui-0.7.5.tgz",
      "integrity": "sha512-o6RnHVUHigLqH4DwsZCbFLAQw8NMWS3GP9EL4M4oOWj7E4qGIyVopyOWzyAwCwtuaiB27hq9F0qkHSNfjsp+ZQ=="
    },
    "jquery": {
      "version": "3.3.1",
      "resolved": "https://registry.npmjs.org/jquery/-/jquery-3.3.1.tgz",
      "integrity": "sha512-Ubldcmxp5np52/ENotGxlLe6aGMvmF4R8S6tZjsP6Knsaxd/xp3Zrh50cG93lR6nPXyUFwzN3ZSOQI0wRJNdGg=="
    },
    "stats.js": {
      "version": "git+https://github.com/mrdoob/stats.js.git#1b71f881c9c0008a8f739b26ce78bf2432775619",
      "from": "git+https://github.com/mrdoob/stats.js.git"
    },
    "three": {
      "version": "0.101.1",
      "resolved": "https://registry.npmjs.org/three/-/three-0.101.1.tgz",
      "integrity": "sha512-8ufimUVmRLtH+BTpEIbDjdGEKQOVWLMLgGynaKin1KbYTE136ZNOepJ8EgByi0tN43dQ7B1YrKLCJgXGy4bLmw=="
    }
  }
}
